
Microsoft Visual Studio Solution File, Format Version 12.00
# Visual Studio Version 17
VisualStudioVersion = 17.6.33829.357
MinimumVisualStudioVersion = 10.0.40219.1
Project("{FAE04EC0-301F-11D3-BF4B-00C04F79EFBC}") = "IHubWebApplication", "IHubWebApplication.csproj", "{47B18761-7C4B-41A1-9E26-C48DA30197DB}"
EndProject
Global
	GlobalSection(SolutionConfigurationPlatforms) = preSolution
		Debug|Any CPU = Debug|Any CPU
		Release|Any CPU = Release|Any CPU
	EndGlobalSection
	GlobalSection(ProjectConfigurationPlatforms) = postSolution
		{47B18761-7C4B-41A1-9E26-C48DA30197DB}.Debug|Any CPU.ActiveCfg = Debug|Any CPU
		{47B18761-7C4B-41A1-9E26-C48DA30197DB}.Debug|Any CPU.Build.0 = Debug|Any CPU
		{47B18761-7C4B-41A1-9E26-C48DA30197DB}.Release|Any CPU.ActiveCfg = Release|Any CPU
		{47B18761-7C4B-41A1-9E26-C48DA30197DB}.Release|Any CPU.Build.0 = Release|Any CPU
	EndGlobalSection
	GlobalSection(SolutionProperties) = preSolution
		HideSolutionNode = FALSE
	EndGlobalSection
	GlobalSection(ExtensibilityGlobals) = postSolution
		SolutionGuid = {E7582257-937F-4013-ADD5-F5F68834A8EA}
	EndGlobalSection
EndGlobal
